
Microsoft Visual Studio Solution File, Format Version 12.00
# Visual Studio Version 17
VisualStudioVersion = 17.0.32002.185
MinimumVisualStudioVersion = 10.0.40219.1
Project("{2150E333-8FDC-42A3-9474-1A3956D46DE8}") = "src", "src", "{4D55F644-E0BA-4819-B5EC-D5B536088A95}"
EndProject
Project("{2150E333-8FDC-42A3-9474-1A3956D46DE8}") = "Tests", "Tests", "{D9C2367D-1523-429A-AA40-66BCAFDD64DE}"
EndProject
Project("{2150E333-8FDC-42A3-9474-1A3956D46DE8}") = "API", "API", "{6EDDDC59-762B-4C8C-9955-D0D770F59E7C}"
EndProject
Project("{2150E333-8FDC-42A3-9474-1A3956D46DE8}") = "Core", "Core", "{94884BBF-44DD-449F-8784-DCDC1B45C0E2}"
EndProject
Project("{2150E333-8FDC-42A3-9474-1A3956D46DE8}") = "Web", "Web", "{F2DD9396-3682-4831-AF08-825E13943AAC}"
EndProject
Project("{9A19103F-16F7-4668-BE54-9A1E7A4F7556}") = "EMS.API", "EMS.API\EMS.API.csproj", "{B42B1F80-A6D1-4EA0-8BC7-125043568D7F}"
EndProject
Project("{9A19103F-16F7-4668-BE54-9A1E7A4F7556}") = "EMS.BLL", "EMS.BLL\EMS.BLL.csproj", "{68666CC3-710B-4C22-AC6B-0A5813ABE2B2}"
EndProject
Project("{9A19103F-16F7-4668-BE54-9A1E7A4F7556}") = "EMS.DAL", "EMS.DAL\EMS.DAL.csproj", "{49E66EB7-591D-4986-B288-4A236C3941C5}"
EndProject
Project("{9A19103F-16F7-4668-BE54-9A1E7A4F7556}") = "EMS.Infrastructure", "EMS.Infrastructure\EMS.Infrastructure.csproj", "{904CB763-4F55-412D-AB59-E0FFC2304926}"
EndProject
Project("{9A19103F-16F7-4668-BE54-9A1E7A4F7556}") = "EMS.WEB", "EMS.WEB\EMS.WEB.csproj", "{8A01345D-7065-4C2E-97A2-F144E4E56652}"
EndProject
Project("{FAE04EC0-301F-11D3-BF4B-00C04F79EFBC}") = "EMS.BLL.Tests", "EMS.BLL.Tests\EMS.BLL.Tests.csproj", "{D26C0D09-8C4E-4376-8694-779EF4F65653}"
EndProject
Project("{FAE04EC0-301F-11D3-BF4B-00C04F79EFBC}") = "EMS.Infrastructure.Tests", "EMS.Infrastructure.Tests\EMS.Infrastructure.Tests.csproj", "{85F28E8E-1AF5-4B67-BEC7-3D1E0AAA1191}"
EndProject
Global
	GlobalSection(SolutionConfigurationPlatforms) = preSolution
		Debug|Any CPU = Debug|Any CPU
		Release|Any CPU = Release|Any CPU
	EndGlobalSection
	GlobalSection(ProjectConfigurationPlatforms) = postSolution
		{B42B1F80-A6D1-4EA0-8BC7-125043568D7F}.Debug|Any CPU.ActiveCfg = Debug|Any CPU
		{B42B1F80-A6D1-4EA0-8BC7-125043568D7F}.Debug|Any CPU.Build.0 = Debug|Any CPU
		{B42B1F80-A6D1-4EA0-8BC7-125043568D7F}.Release|Any CPU.ActiveCfg = Release|Any CPU
		{B42B1F80-A6D1-4EA0-8BC7-125043568D7F}.Release|Any CPU.Build.0 = Release|Any CPU
		{68666CC3-710B-4C22-AC6B-0A5813ABE2B2}.Debug|Any CPU.ActiveCfg = Debug|Any CPU
		{68666CC3-710B-4C22-AC6B-0A5813ABE2B2}.Debug|Any CPU.Build.0 = Debug|Any CPU
		{68666CC3-710B-4C22-AC6B-0A5813ABE2B2}.Release|Any CPU.ActiveCfg = Release|Any CPU
		{68666CC3-710B-4C22-AC6B-0A5813ABE2B2}.Release|Any CPU.Build.0 = Release|Any CPU
		{49E66EB7-591D-4986-B288-4A236C3941C5}.Debug|Any CPU.ActiveCfg = Debug|Any CPU
		{49E66EB7-591D-4986-B288-4A236C3941C5}.Debug|Any CPU.Build.0 = Debug|Any CPU
		{49E66EB7-591D-4986-B288-4A236C3941C5}.Release|Any CPU.ActiveCfg = Release|Any CPU
		{49E66EB7-591D-4986-B288-4A236C3941C5}.Release|Any CPU.Build.0 = Release|Any CPU
		{904CB763-4F55-412D-AB59-E0FFC2304926}.Debug|Any CPU.ActiveCfg = Debug|Any CPU
		{904CB763-4F55-412D-AB59-E0FFC2304926}.Debug|Any CPU.Build.0 = Debug|Any CPU
		{904CB763-4F55-412D-AB59-E0FFC2304926}.Release|Any CPU.ActiveCfg = Release|Any CPU
		{904CB763-4F55-412D-AB59-E0FFC2304926}.Release|Any CPU.Build.0 = Release|Any CPU
		{8A01345D-7065-4C2E-97A2-F144E4E56652}.Debug|Any CPU.ActiveCfg = Debug|Any CPU
		{8A01345D-7065-4C2E-97A2-F144E4E56652}.Debug|Any CPU.Build.0 = Debug|Any CPU
		{8A01345D-7065-4C2E-97A2-F144E4E56652}.Release|Any CPU.ActiveCfg = Release|Any CPU
		{8A01345D-7065-4C2E-97A2-F144E4E56652}.Release|Any CPU.Build.0 = Release|Any CPU
		{D26C0D09-8C4E-4376-8694-779EF4F65653}.Debug|Any CPU.ActiveCfg = Debug|Any CPU
		{D26C0D09-8C4E-4376-8694-779EF4F65653}.Debug|Any CPU.Build.0 = Debug|Any CPU
		{D26C0D09-8C4E-4376-8694-779EF4F65653}.Release|Any CPU.ActiveCfg = Release|Any CPU
		{D26C0D09-8C4E-4376-8694-779EF4F65653}.Release|Any CPU.Build.0 = Release|Any CPU
		{85F28E8E-1AF5-4B67-BEC7-3D1E0AAA1191}.Debug|Any CPU.ActiveCfg = Debug|Any CPU
		{85F28E8E-1AF5-4B67-BEC7-3D1E0AAA1191}.Debug|Any CPU.Build.0 = Debug|Any CPU
		{85F28E8E-1AF5-4B67-BEC7-3D1E0AAA1191}.Release|Any CPU.ActiveCfg = Release|Any CPU
		{85F28E8E-1AF5-4B67-BEC7-3D1E0AAA1191}.Release|Any CPU.Build.0 = Release|Any CPU
	EndGlobalSection
	GlobalSection(SolutionProperties) = preSolution
		HideSolutionNode = FALSE
	EndGlobalSection
	GlobalSection(NestedProjects) = preSolution
		{6EDDDC59-762B-4C8C-9955-D0D770F59E7C} = {4D55F644-E0BA-4819-B5EC-D5B536088A95}
		{94884BBF-44DD-449F-8784-DCDC1B45C0E2} = {4D55F644-E0BA-4819-B5EC-D5B536088A95}
		{F2DD9396-3682-4831-AF08-825E13943AAC} = {4D55F644-E0BA-4819-B5EC-D5B536088A95}
		{B42B1F80-A6D1-4EA0-8BC7-125043568D7F} = {6EDDDC59-762B-4C8C-9955-D0D770F59E7C}
		{68666CC3-710B-4C22-AC6B-0A5813ABE2B2} = {94884BBF-44DD-449F-8784-DCDC1B45C0E2}
		{49E66EB7-591D-4986-B288-4A236C3941C5} = {94884BBF-44DD-449F-8784-DCDC1B45C0E2}
		{904CB763-4F55-412D-AB59-E0FFC2304926} = {94884BBF-44DD-449F-8784-DCDC1B45C0E2}
		{8A01345D-7065-4C2E-97A2-F144E4E56652} = {F2DD9396-3682-4831-AF08-825E13943AAC}
		{D26C0D09-8C4E-4376-8694-779EF4F65653} = {D9C2367D-1523-429A-AA40-66BCAFDD64DE}
		{85F28E8E-1AF5-4B67-BEC7-3D1E0AAA1191} = {D9C2367D-1523-429A-AA40-66BCAFDD64DE}
	EndGlobalSection
	GlobalSection(ExtensibilityGlobals) = postSolution
		SolutionGuid = {7C41193D-D1DF-468B-9F1C-7E2382B21A4B}
	EndGlobalSection
EndGlobal
